// !$*UTF8*$!
{
	archiveVersion = 1;
	classes = {
	};
	objectVersion = 46;
	objects = {

/* Begin PBXBuildFile section */
		E22EF9DA1408257700D6D70C /* RemoteControl.m in Sources */ = {isa = PBXBuildFile; fileRef = E22EF9D81408257700D6D70C /* RemoteControl.m */; };
		E22EF9DB1408257700D6D70C /* RemoteControl.xib in Resources */ = {isa = PBXBuildFile; fileRef = E22EF9D91408257700D6D70C /* RemoteControl.xib */; };
		E22EF9E2140827DC00D6D70C /* RemoteControlView.m in Sources */ = {isa = PBXBuildFile; fileRef = E22EF9E1140827DC00D6D70C /* RemoteControlView.m */; };
		E22EFA1314088C2B00D6D70C /* DDHidLib.framework in CopyFiles */ = {isa = PBXBuildFile; fileRef = E22EFA1214088C2B00D6D70C /* DDHidLib.framework */; };
		E22EFA1414088C8F00D6D70C /* DDHidLib.framework in Frameworks */ = {isa = PBXBuildFile; fileRef = E22EFA1214088C2B00D6D70C /* DDHidLib.framework */; };
		E25D70DF1409558400A79FDD /* Xbox360Controller.m in Sources */ = {isa = PBXBuildFile; fileRef = E25D70DE1409558400A79FDD /* Xbox360Controller.m */; };
		E25D70E21409568800A79FDD /* RCController.m in Sources */ = {isa = PBXBuildFile; fileRef = E25D70E11409568800A79FDD /* RCController.m */; };
		E28273B41406D33100CD749E /* Cocoa.framework in Frameworks */ = {isa = PBXBuildFile; fileRef = E28273B31406D33100CD749E /* Cocoa.framework */; };
		E28273BE1406D33100CD749E /* InfoPlist.strings in Resources */ = {isa = PBXBuildFile; fileRef = E28273BC1406D33100CD749E /* InfoPlist.strings */; };
		E28273C01406D33100CD749E /* main.m in Sources */ = {isa = PBXBuildFile; fileRef = E28273BF1406D33100CD749E /* main.m */; };
		E28273C41406D33100CD749E /* Credits.rtf in Resources */ = {isa = PBXBuildFile; fileRef = E28273C21406D33100CD749E /* Credits.rtf */; };
		E28273C71406D33100CD749E /* ArduinoCopterS107.m in Sources */ = {isa = PBXBuildFile; fileRef = E28273C61406D33100CD749E /* ArduinoCopterS107.m */; };
		E28273CA1406D33100CD749E /* MainMenu.xib in Resources */ = {isa = PBXBuildFile; fileRef = E28273C81406D33100CD749E /* MainMenu.xib */; };
		E28273D5140701FE00CD749E /* SerialCommunication.m in Sources */ = {isa = PBXBuildFile; fileRef = E28273D4140701FE00CD749E /* SerialCommunication.m */; };
		E28273DC140703DA00CD749E /* IOKit.framework in Frameworks */ = {isa = PBXBuildFile; fileRef = E28273DB140703D900CD749E /* IOKit.framework */; };
/* End PBXBuildFile section */

/* Begin PBXCopyFilesBuildPhase section */
		E22EFA0D14088B2700D6D70C /* CopyFiles */ = {
			isa = PBXCopyFilesBuildPhase;
			buildActionMask = 12;
			dstPath = "";
			dstSubfolderSpec = 10;
			files = (
				E22EFA1314088C2B00D6D70C /* DDHidLib.framework in CopyFiles */,
			);
			runOnlyForDeploymentPostprocessing = 0;
		};
/* End PBXCopyFilesBuildPhase section */

/* Begin PBXFileReference section */
		E22EF9D71408257700D6D70C /* RemoteControl.h */ = {isa = PBXFileReference; fileEncoding = 4; lastKnownFileType = sourcecode.c.h; path = RemoteControl.h; sourceTree = "<group>"; };
		E22EF9D81408257700D6D70C /* RemoteControl.m */ = {isa = PBXFileReference; fileEncoding = 4; lastKnownFileType = sourcecode.c.objc; path = RemoteControl.m; sourceTree = "<group>"; };
		E22EF9D91408257700D6D70C /* RemoteControl.xib */ = {isa = PBXFileReference; fileEncoding = 4; lastKnownFileType = file.xib; path = RemoteControl.xib; sourceTree = "<group>"; };
		E22EF9E0140827DC00D6D70C /* RemoteControlView.h */ = {isa = PBXFileReference; fileEncoding = 4; lastKnownFileType = sourcecode.c.h; path = RemoteControlView.h; sourceTree = "<group>"; };
		E22EF9E1140827DC00D6D70C /* RemoteControlView.m */ = {isa = PBXFileReference; fileEncoding = 4; lastKnownFileType = sourcecode.c.objc; path = RemoteControlView.m; sourceTree = "<group>"; };
		E22EFA1214088C2B00D6D70C /* DDHidLib.framework */ = {isa = PBXFileReference; lastKnownFileType = wrapper.framework; path = DDHidLib.framework; sourceTree = "<group>"; };
		E25D70DD1409558400A79FDD /* Xbox360Controller.h */ = {isa = PBXFileReference; fileEncoding = 4; lastKnownFileType = sourcecode.c.h; name = Xbox360Controller.h; path = "Arduino Helicopter Controller/Joysticks/Xbox360Controller.h"; sourceTree = "<group>"; };
		E25D70DE1409558400A79FDD /* Xbox360Controller.m */ = {isa = PBXFileReference; fileEncoding = 4; lastKnownFileType = sourcecode.c.objc; name = Xbox360Controller.m; path = "Arduino Helicopter Controller/Joysticks/Xbox360Controller.m"; sourceTree = "<group>"; };
		E25D70E01409568800A79FDD /* RCController.h */ = {isa = PBXFileReference; fileEncoding = 4; lastKnownFileType = sourcecode.c.h; name = RCController.h; path = "Arduino Helicopter Controller/Joysticks/RCController.h"; sourceTree = "<group>"; };
		E25D70E11409568800A79FDD /* RCController.m */ = {isa = PBXFileReference; fileEncoding = 4; lastKnownFileType = sourcecode.c.objc; name = RCController.m; path = "Arduino Helicopter Controller/Joysticks/RCController.m"; sourceTree = "<group>"; };
		E28273AF1406D33100CD749E /* ArduinoCopterS107.app */ = {isa = PBXFileReference; explicitFileType = wrapper.application; includeInIndex = 0; path = ArduinoCopterS107.app; sourceTree = BUILT_PRODUCTS_DIR; };
		E28273B31406D33100CD749E /* Cocoa.framework */ = {isa = PBXFileReference; lastKnownFileType = wrapper.framework; name = Cocoa.framework; path = System/Library/Frameworks/Cocoa.framework; sourceTree = SDKROOT; };
		E28273B61406D33100CD749E /* AppKit.framework */ = {isa = PBXFileReference; lastKnownFileType = wrapper.framework; name = AppKit.framework; path = System/Library/Frameworks/AppKit.framework; sourceTree = SDKROOT; };
		E28273B71406D33100CD749E /* CoreData.framework */ = {isa = PBXFileReference; lastKnownFileType = wrapper.framework; name = CoreData.framework; path = System/Library/Frameworks/CoreData.framework; sourceTree = SDKROOT; };
		E28273B81406D33100CD749E /* Foundation.framework */ = {isa = PBXFileReference; lastKnownFileType = wrapper.framework; name = Foundation.framework; path = System/Library/Frameworks/Foundation.framework; sourceTree = SDKROOT; };
		E28273BB1406D33100CD749E /* ArduinoCopterS107-Info.plist */ = {isa = PBXFileReference; lastKnownFileType = text.plist.xml; path = "ArduinoCopterS107-Info.plist"; sourceTree = "<group>"; };
		E28273BD1406D33100CD749E /* en */ = {isa = PBXFileReference; lastKnownFileType = text.plist.strings; name = en; path = en.lproj/InfoPlist.strings; sourceTree = "<group>"; };
		E28273BF1406D33100CD749E /* main.m */ = {isa = PBXFileReference; lastKnownFileType = sourcecode.c.objc; path = main.m; sourceTree = "<group>"; };
		E28273C11406D33100CD749E /* ArduinoCopterS107-Prefix.pch */ = {isa = PBXFileReference; lastKnownFileType = sourcecode.c.h; path = "ArduinoCopterS107-Prefix.pch"; sourceTree = "<group>"; };
		E28273C31406D33100CD749E /* en */ = {isa = PBXFileReference; lastKnownFileType = text.rtf; name = en; path = en.lproj/Credits.rtf; sourceTree = "<group>"; };
		E28273C51406D33100CD749E /* ArduinoCopterS107.h */ = {isa = PBXFileReference; lastKnownFileType = sourcecode.c.h; lineEnding = 0; path = ArduinoCopterS107.h; sourceTree = "<group>"; xcLanguageSpecificationIdentifier = xcode.lang.objcpp; };
		E28273C61406D33100CD749E /* ArduinoCopterS107.m */ = {isa = PBXFileReference; lastKnownFileType = sourcecode.c.objc; lineEnding = 0; path = ArduinoCopterS107.m; sourceTree = "<group>"; xcLanguageSpecificationIdentifier = xcode.lang.objc; };
		E28273C91406D33100CD749E /* en */ = {isa = PBXFileReference; lastKnownFileType = file.xib; name = en; path = en.lproj/MainMenu.xib; sourceTree = "<group>"; };
		E28273D3140701FE00CD749E /* SerialCommunication.h */ = {isa = PBXFileReference; fileEncoding = 4; lastKnownFileType = sourcecode.c.h; path = SerialCommunication.h; sourceTree = "<group>"; };
		E28273D4140701FE00CD749E /* SerialCommunication.m */ = {isa = PBXFileReference; fileEncoding = 4; lastKnownFileType = sourcecode.c.objc; path = SerialCommunication.m; sourceTree = "<group>"; };
		E28273DB140703D900CD749E /* IOKit.framework */ = {isa = PBXFileReference; lastKnownFileType = wrapper.framework; name = IOKit.framework; path = System/Library/Frameworks/IOKit.framework; sourceTree = SDKROOT; };
/* End PBXFileReference section */

/* Begin PBXFrameworksBuildPhase section */
		E28273AC1406D33000CD749E /* Frameworks */ = {
			isa = PBXFrameworksBuildPhase;
			buildActionMask = 2147483647;
			files = (
				E22EFA1414088C8F00D6D70C /* DDHidLib.framework in Frameworks */,
				E28273DC140703DA00CD749E /* IOKit.framework in Frameworks */,
				E28273B41406D33100CD749E /* Cocoa.framework in Frameworks */,
			);
			runOnlyForDeploymentPostprocessing = 0;
		};
/* End PBXFrameworksBuildPhase section */

/* Begin PBXGroup section */
		E25D70DB1409555100A79FDD /* Joysticks */ = {
			isa = PBXGroup;
			children = (
				E25D70DD1409558400A79FDD /* Xbox360Controller.h */,
				E25D70DE1409558400A79FDD /* Xbox360Controller.m */,
				E25D70E01409568800A79FDD /* RCController.h */,
				E25D70E11409568800A79FDD /* RCController.m */,
			);
			name = Joysticks;
			sourceTree = "<group>";
		};
		E28273A41406D33000CD749E = {
			isa = PBXGroup;
			children = (
				E25D70DB1409555100A79FDD /* Joysticks */,
				E22EFA1214088C2B00D6D70C /* DDHidLib.framework */,
				E28273B91406D33100CD749E /* ArduinoCopterS107 */,
				E28273B21406D33100CD749E /* Frameworks */,
				E28273B01406D33100CD749E /* Products */,
			);
			sourceTree = "<group>";
		};
		E28273B01406D33100CD749E /* Products */ = {
			isa = PBXGroup;
			children = (
				E28273AF1406D33100CD749E /* ArduinoCopterS107.app */,
			);
			name = Products;
			sourceTree = "<group>";
		};
		E28273B21406D33100CD749E /* Frameworks */ = {
			isa = PBXGroup;
			children = (
				E28273DB140703D900CD749E /* IOKit.framework */,
				E28273B31406D33100CD749E /* Cocoa.framework */,
				E28273B51406D33100CD749E /* Other Frameworks */,
			);
			name = Frameworks;
			sourceTree = "<group>";
		};
		E28273B51406D33100CD749E /* Other Frameworks */ = {
			isa = PBXGroup;
			children = (
				E28273B61406D33100CD749E /* AppKit.framework */,
				E28273B71406D33100CD749E /* CoreData.framework */,
				E28273B81406D33100CD749E /* Foundation.framework */,
			);
			name = "Other Frameworks";
			sourceTree = "<group>";
		};
		E28273B91406D33100CD749E /* ArduinoCopterS107 */ = {
			isa = PBXGroup;
			children = (
				E28273C51406D33100CD749E /* ArduinoCopterS107.h */,
				E28273C61406D33100CD749E /* ArduinoCopterS107.m */,
				E28273C81406D33100CD749E /* MainMenu.xib */,
				E22EF9D71408257700D6D70C /* RemoteControl.h */,
				E22EF9D81408257700D6D70C /* RemoteControl.m */,
				E22EF9E0140827DC00D6D70C /* RemoteControlView.h */,
				E22EF9E1140827DC00D6D70C /* RemoteControlView.m */,
				E22EF9D91408257700D6D70C /* RemoteControl.xib */,
				E28273BA1406D33100CD749E /* Supporting Files */,
				E28273D3140701FE00CD749E /* SerialCommunication.h */,
				E28273D4140701FE00CD749E /* SerialCommunication.m */,
			);
			name = ArduinoCopterS107;
			path = "Arduino Helicopter Controller";
			sourceTree = "<group>";
		};
		E28273BA1406D33100CD749E /* Supporting Files */ = {
			isa = PBXGroup;
			children = (
				E28273BB1406D33100CD749E /* ArduinoCopterS107-Info.plist */,
				E28273BC1406D33100CD749E /* InfoPlist.strings */,
				E28273BF1406D33100CD749E /* main.m */,
				E28273C11406D33100CD749E /* ArduinoCopterS107-Prefix.pch */,
				E28273C21406D33100CD749E /* Credits.rtf */,
			);
			name = "Supporting Files";
			sourceTree = "<group>";
		};
/* End PBXGroup section */

/* Begin PBXNativeTarget section */
		E28273AE1406D33000CD749E /* ArduinoCopterS107 */ = {
			isa = PBXNativeTarget;
			buildConfigurationList = E28273CD1406D33100CD749E /* Build configuration list for PBXNativeTarget "ArduinoCopterS107" */;
			buildPhases = (
				E28273AB1406D33000CD749E /* Sources */,
				E28273AC1406D33000CD749E /* Frameworks */,
				E28273AD1406D33000CD749E /* Resources */,
				E22EFA0D14088B2700D6D70C /* CopyFiles */,
			);
			buildRules = (
			);
			dependencies = (
			);
			name = ArduinoCopterS107;
			productName = "Arduino Helicopter Controller";
			productReference = E28273AF1406D33100CD749E /* ArduinoCopterS107.app */;
			productType = "com.apple.product-type.application";
		};
/* End PBXNativeTarget section */

/* Begin PBXProject section */
		E28273A61406D33000CD749E /* Project object */ = {
			isa = PBXProject;
			attributes = {
				LastUpgradeCheck = 0420;
			};
			buildConfigurationList = E28273A91406D33000CD749E /* Build configuration list for PBXProject "ArduinoCopterS107" */;
			compatibilityVersion = "Xcode 3.2";
			developmentRegion = English;
			hasScannedForEncodings = 0;
			knownRegions = (
				en,
			);
			mainGroup = E28273A41406D33000CD749E;
			productRefGroup = E28273B01406D33100CD749E /* Products */;
			projectDirPath = "";
			projectRoot = "";
			targets = (
				E28273AE1406D33000CD749E /* ArduinoCopterS107 */,
			);
		};
/* End PBXProject section */

/* Begin PBXResourcesBuildPhase section */
		E28273AD1406D33000CD749E /* Resources */ = {
			isa = PBXResourcesBuildPhase;
			buildActionMask = 2147483647;
			files = (
				E28273BE1406D33100CD749E /* InfoPlist.strings in Resources */,
				E28273C41406D33100CD749E /* Credits.rtf in Resources */,
				E28273CA1406D33100CD749E /* MainMenu.xib in Resources */,
				E22EF9DB1408257700D6D70C /* RemoteControl.xib in Resources */,
			);
			runOnlyForDeploymentPostprocessing = 0;
		};
/* End PBXResourcesBuildPhase section */

/* Begin PBXSourcesBuildPhase section */
		E28273AB1406D33000CD749E /* Sources */ = {
			isa = PBXSourcesBuildPhase;
			buildActionMask = 2147483647;
			files = (
				E28273C01406D33100CD749E /* main.m in Sources */,
				E28273C71406D33100CD749E /* ArduinoCopterS107.m in Sources */,
				E28273D5140701FE00CD749E /* SerialCommunication.m in Sources */,
				E22EF9DA1408257700D6D70C /* RemoteControl.m in Sources */,
				E22EF9E2140827DC00D6D70C /* RemoteControlView.m in Sources */,
				E25D70DF1409558400A79FDD /* Xbox360Controller.m in Sources */,
				E25D70E21409568800A79FDD /* RCController.m in Sources */,
			);
			runOnlyForDeploymentPostprocessing = 0;
		};
/* End PBXSourcesBuildPhase section */

/* Begin PBXVariantGroup section */
		E28273BC1406D33100CD749E /* InfoPlist.strings */ = {
			isa = PBXVariantGroup;
			children = (
				E28273BD1406D33100CD749E /* en */,
			);
			name = InfoPlist.strings;
			sourceTree = "<group>";
		};
		E28273C21406D33100CD749E /* Credits.rtf */ = {
			isa = PBXVariantGroup;
			children = (
				E28273C31406D33100CD749E /* en */,
			);
			name = Credits.rtf;
			sourceTree = "<group>";
		};
		E28273C81406D33100CD749E /* MainMenu.xib */ = {
			isa = PBXVariantGroup;
			children = (
				E28273C91406D33100CD749E /* en */,
			);
			name = MainMenu.xib;
			sourceTree = "<group>";
		};
/* End PBXVariantGroup section */

/* Begin XCBuildConfiguration section */
		E28273CB1406D33100CD749E /* Debug */ = {
			isa = XCBuildConfiguration;
			buildSettings = {
				ALWAYS_SEARCH_USER_PATHS = NO;
				ARCHS = "$(ARCHS_STANDARD_64_BIT)";
				CLANG_ENABLE_OBJC_ARC = YES;
				COPY_PHASE_STRIP = NO;
				GCC_C_LANGUAGE_STANDARD = gnu99;
				GCC_DYNAMIC_NO_PIC = NO;
				GCC_ENABLE_OBJC_EXCEPTIONS = YES;
				GCC_OPTIMIZATION_LEVEL = 0;
				GCC_PREPROCESSOR_DEFINITIONS = (
					"DEBUG=1",
					"$(inherited)",
				);
				GCC_SYMBOLS_PRIVATE_EXTERN = NO;
				GCC_VERSION = com.apple.compilers.llvm.clang.1_0;
				GCC_WARN_64_TO_32_BIT_CONVERSION = YES;
				GCC_WARN_ABOUT_MISSING_PROTOTYPES = YES;
				GCC_WARN_ABOUT_RETURN_TYPE = YES;
				GCC_WARN_UNUSED_VARIABLE = YES;
				MACOSX_DEPLOYMENT_TARGET = 10.7;
				ONLY_ACTIVE_ARCH = YES;
				PRODUCT_NAME = ArduinoCopterS107;
				SDKROOT = macosx;
			};
			name = Debug;
		};
		E28273CC1406D33100CD749E /* Release */ = {
			isa = XCBuildConfiguration;
			buildSettings = {
				ALWAYS_SEARCH_USER_PATHS = NO;
				ARCHS = "$(ARCHS_STANDARD_64_BIT)";
				CLANG_ENABLE_OBJC_ARC = YES;
				COPY_PHASE_STRIP = YES;
				DEBUG_INFORMATION_FORMAT = "dwarf-with-dsym";
				GCC_C_LANGUAGE_STANDARD = gnu99;
				GCC_ENABLE_OBJC_EXCEPTIONS = YES;
				GCC_VERSION = com.apple.compilers.llvm.clang.1_0;
				GCC_WARN_64_TO_32_BIT_CONVERSION = YES;
				GCC_WARN_ABOUT_MISSING_PROTOTYPES = YES;
				GCC_WARN_ABOUT_RETURN_TYPE = YES;
				GCC_WARN_UNUSED_VARIABLE = YES;
				MACOSX_DEPLOYMENT_TARGET = 10.7;
				PRODUCT_NAME = ArduinoCopterS107;
				SDKROOT = macosx;
			};
			name = Release;
		};
		E28273CE1406D33100CD749E /* Debug */ = {
			isa = XCBuildConfiguration;
			buildSettings = {
				FRAMEWORK_SEARCH_PATHS = (
					"$(inherited)",
					"\"$(SRCROOT)/../../../../Library/Developer/Xcode/DerivedData/DDHidLib-cpzqdsvmeabpiqcokpwmmyabkowu/Build/Products/Debug\"",
					"\"$(SRCROOT)/Frameworks\"",
					"\"$(SRCROOT)\"",
				);
				GCC_PRECOMPILE_PREFIX_HEADER = YES;
				GCC_PREFIX_HEADER = "Arduino Helicopter Controller/ArduinoCopterS107-Prefix.pch";
				INFOPLIST_FILE = "Arduino Helicopter Controller/ArduinoCopterS107-Info.plist";
				MACOSX_DEPLOYMENT_TARGET = 10.7;
				PRODUCT_NAME = "$(TARGET_NAME)";
				SDKROOT = macosx;
				WRAPPER_EXTENSION = app;
			};
			name = Debug;
		};
		E28273CF1406D33100CD749E /* Release */ = {
			isa = XCBuildConfiguration;
			buildSettings = {
				FRAMEWORK_SEARCH_PATHS = (
					"$(inherited)",
					"\"$(SRCROOT)/../../../../Library/Developer/Xcode/DerivedData/DDHidLib-cpzqdsvmeabpiqcokpwmmyabkowu/Build/Products/Debug\"",
					"\"$(SRCROOT)/Frameworks\"",
					"\"$(SRCROOT)\"",
				);
				GCC_PRECOMPILE_PREFIX_HEADER = YES;
				GCC_PREFIX_HEADER = "Arduino Helicopter Controller/ArduinoCopterS107-Prefix.pch";
				INFOPLIST_FILE = "Arduino Helicopter Controller/ArduinoCopterS107-Info.plist";
				MACOSX_DEPLOYMENT_TARGET = 10.7;
				PRODUCT_NAME = "$(TARGET_NAME)";
				SDKROOT = macosx;
				WRAPPER_EXTENSION = app;
			};
			name = Release;
		};
/* End XCBuildConfiguration section */

/* Begin XCConfigurationList section */
		E28273A91406D33000CD749E /* Build configuration list for PBXProject "ArduinoCopterS107" */ = {
			isa = XCConfigurationList;
			buildConfigurations = (
				E28273CB1406D33100CD749E /* Debug */,
				E28273CC1406D33100CD749E /* Release */,
			);
			defaultConfigurationIsVisible = 0;
			defaultConfigurationName = Release;
		};
		E28273CD1406D33100CD749E /* Build configuration list for PBXNativeTarget "ArduinoCopterS107" */ = {
			isa = XCConfigurationList;
			buildConfigurations = (
				E28273CE1406D33100CD749E /* Debug */,
				E28273CF1406D33100CD749E /* Release */,
			);
			defaultConfigurationIsVisible = 0;
			defaultConfigurationName = Release;
		};
/* End XCConfigurationList section */
	};
	rootObject = E28273A61406D33000CD749E /* Project object */;
}
